// !$*UTF8*$!
{
	archiveVersion = 1;
	classes = {
	};
	objectVersion = 56;
	objects = {

/* Begin PBXBuildFile section */
		AC4B3C28295FB42100A4D65E /* MapView.swift in Sources */ = {isa = PBXBuildFile; fileRef = AC4B3C27295FB42100A4D65E /* MapView.swift */; };
		AC4B3C2A295FBF9F00A4D65E /* Landmark.swift in Sources */ = {isa = PBXBuildFile; fileRef = AC4B3C29295FBF9F00A4D65E /* Landmark.swift */; };
		AC4B3C30295FC0B600A4D65E /* landmarkData.json in Resources */ = {isa = PBXBuildFile; fileRef = AC4B3C2F295FC0B600A4D65E /* landmarkData.json */; };
		AC4B3C34295FC17000A4D65E /* CircleImage.swift in Sources */ = {isa = PBXBuildFile; fileRef = AC4B3C25295FB25B00A4D65E /* CircleImage.swift */; };
		AC5C9291295FA23300EC1F89 /* AppleSwiftUIApp.swift in Sources */ = {isa = PBXBuildFile; fileRef = AC5C9290295FA23300EC1F89 /* AppleSwiftUIApp.swift */; };
		AC5C9293295FA23300EC1F89 /* ContentView.swift in Sources */ = {isa = PBXBuildFile; fileRef = AC5C9292295FA23300EC1F89 /* ContentView.swift */; };
		AC5C9295295FA23400EC1F89 /* Assets.xcassets in Resources */ = {isa = PBXBuildFile; fileRef = AC5C9294295FA23400EC1F89 /* Assets.xcassets */; };
		AC5C9298295FA23400EC1F89 /* Preview Assets.xcassets in Resources */ = {isa = PBXBuildFile; fileRef = AC5C9297295FA23400EC1F89 /* Preview Assets.xcassets */; };
		ACBB88E229620C6C00770CCD /* LandmarkList.swift in Sources */ = {isa = PBXBuildFile; fileRef = ACBB88E129620C6C00770CCD /* LandmarkList.swift */; };
		ACBB88E429620D6600770CCD /* LandmarkDetail.swift in Sources */ = {isa = PBXBuildFile; fileRef = ACBB88E329620D6600770CCD /* LandmarkDetail.swift */; };
		ACEB715E2961C93C00FEBED4 /* ModelData.swift in Sources */ = {isa = PBXBuildFile; fileRef = ACEB715D2961C93C00FEBED4 /* ModelData.swift */; };
		ACEB71612961CD1600FEBED4 /* LandmarkRow.swift in Sources */ = {isa = PBXBuildFile; fileRef = ACEB71602961CD1600FEBED4 /* LandmarkRow.swift */; };
/* End PBXBuildFile section */

/* Begin PBXFileReference section */
		AC4B3C25295FB25B00A4D65E /* CircleImage.swift */ = {isa = PBXFileReference; lastKnownFileType = sourcecode.swift; path = CircleImage.swift; sourceTree = "<group>"; };
		AC4B3C27295FB42100A4D65E /* MapView.swift */ = {isa = PBXFileReference; lastKnownFileType = sourcecode.swift; path = MapView.swift; sourceTree = "<group>"; };
		AC4B3C29295FBF9F00A4D65E /* Landmark.swift */ = {isa = PBXFileReference; lastKnownFileType = sourcecode.swift; path = Landmark.swift; sourceTree = "<group>"; };
		AC4B3C2F295FC0B600A4D65E /* landmarkData.json */ = {isa = PBXFileReference; fileEncoding = 4; lastKnownFileType = text.json; path = landmarkData.json; sourceTree = "<group>"; };
		AC5C928D295FA23300EC1F89 /* AppleSwiftUI.app */ = {isa = PBXFileReference; explicitFileType = wrapper.application; includeInIndex = 0; path = AppleSwiftUI.app; sourceTree = BUILT_PRODUCTS_DIR; };
		AC5C9290295FA23300EC1F89 /* AppleSwiftUIApp.swift */ = {isa = PBXFileReference; lastKnownFileType = sourcecode.swift; path = AppleSwiftUIApp.swift; sourceTree = "<group>"; };
		AC5C9292295FA23300EC1F89 /* ContentView.swift */ = {isa = PBXFileReference; lastKnownFileType = sourcecode.swift; path = ContentView.swift; sourceTree = "<group>"; };
		AC5C9294295FA23400EC1F89 /* Assets.xcassets */ = {isa = PBXFileReference; lastKnownFileType = folder.assetcatalog; path = Assets.xcassets; sourceTree = "<group>"; };
		AC5C9297295FA23400EC1F89 /* Preview Assets.xcassets */ = {isa = PBXFileReference; lastKnownFileType = folder.assetcatalog; path = "Preview Assets.xcassets"; sourceTree = "<group>"; };
		ACBB88E129620C6C00770CCD /* LandmarkList.swift */ = {isa = PBXFileReference; lastKnownFileType = sourcecode.swift; path = LandmarkList.swift; sourceTree = "<group>"; };
		ACBB88E329620D6600770CCD /* LandmarkDetail.swift */ = {isa = PBXFileReference; lastKnownFileType = sourcecode.swift; path = LandmarkDetail.swift; sourceTree = "<group>"; };
		ACEB715D2961C93C00FEBED4 /* ModelData.swift */ = {isa = PBXFileReference; lastKnownFileType = sourcecode.swift; path = ModelData.swift; sourceTree = "<group>"; };
		ACEB71602961CD1600FEBED4 /* LandmarkRow.swift */ = {isa = PBXFileReference; lastKnownFileType = sourcecode.swift; path = LandmarkRow.swift; sourceTree = "<group>"; };
/* End PBXFileReference section */

/* Begin PBXFrameworksBuildPhase section */
		AC5C928A295FA23300EC1F89 /* Frameworks */ = {
			isa = PBXFrameworksBuildPhase;
			buildActionMask = 2147483647;
			files = (
			);
			runOnlyForDeploymentPostprocessing = 0;
		};
/* End PBXFrameworksBuildPhase section */

/* Begin PBXGroup section */
		AC4B3C31295FC0BD00A4D65E /* Resources */ = {
			isa = PBXGroup;
			children = (
				AC5C9294295FA23400EC1F89 /* Assets.xcassets */,
				AC4B3C2F295FC0B600A4D65E /* landmarkData.json */,
			);
			path = Resources;
			sourceTree = "<group>";
		};
		AC4B3C32295FC13C00A4D65E /* Models */ = {
			isa = PBXGroup;
			children = (
				AC4B3C29295FBF9F00A4D65E /* Landmark.swift */,
				ACEB715D2961C93C00FEBED4 /* ModelData.swift */,
			);
			path = Models;
			sourceTree = "<group>";
		};
		AC4B3C33295FC14E00A4D65E /* Components */ = {
			isa = PBXGroup;
			children = (
				AC4B3C25295FB25B00A4D65E /* CircleImage.swift */,
				AC4B3C27295FB42100A4D65E /* MapView.swift */,
				ACEB71602961CD1600FEBED4 /* LandmarkRow.swift */,
				ACBB88E129620C6C00770CCD /* LandmarkList.swift */,
				ACBB88E329620D6600770CCD /* LandmarkDetail.swift */,
			);
			path = Components;
			sourceTree = "<group>";
		};
		AC5C9284295FA23300EC1F89 = {
			isa = PBXGroup;
			children = (
				AC5C928F295FA23300EC1F89 /* AppleSwiftUI */,
				AC5C928E295FA23300EC1F89 /* Products */,
			);
			sourceTree = "<group>";
		};
		AC5C928E295FA23300EC1F89 /* Products */ = {
			isa = PBXGroup;
			children = (
				AC5C928D295FA23300EC1F89 /* AppleSwiftUI.app */,
			);
			name = Products;
			sourceTree = "<group>";
		};
		AC5C928F295FA23300EC1F89 /* AppleSwiftUI */ = {
			isa = PBXGroup;
			children = (
				AC5C9290295FA23300EC1F89 /* AppleSwiftUIApp.swift */,
				AC5C9292295FA23300EC1F89 /* ContentView.swift */,
				AC4B3C33295FC14E00A4D65E /* Components */,
				AC4B3C32295FC13C00A4D65E /* Models */,
				AC4B3C31295FC0BD00A4D65E /* Resources */,
				AC5C9296295FA23400EC1F89 /* Preview Content */,
			);
			path = AppleSwiftUI;
			sourceTree = "<group>";
		};
		AC5C9296295FA23400EC1F89 /* Preview Content */ = {
			isa = PBXGroup;
			children = (
				AC5C9297295FA23400EC1F89 /* Preview Assets.xcassets */,
			);
			path = "Preview Content";
			sourceTree = "<group>";
		};
/* End PBXGroup section */

/* Begin PBXNativeTarget section */
		AC5C928C295FA23300EC1F89 /* AppleSwiftUI */ = {
			isa = PBXNativeTarget;
			buildConfigurationList = AC5C929B295FA23400EC1F89 /* Build configuration list for PBXNativeTarget "AppleSwiftUI" */;
			buildPhases = (
				AC5C9289295FA23300EC1F89 /* Sources */,
				AC5C928A295FA23300EC1F89 /* Frameworks */,
				AC5C928B295FA23300EC1F89 /* Resources */,
			);
			buildRules = (
			);
			dependencies = (
			);
			name = AppleSwiftUI;
			productName = AppleSwiftUI;
			productReference = AC5C928D295FA23300EC1F89 /* AppleSwiftUI.app */;
			productType = "com.apple.product-type.application";
		};
/* End PBXNativeTarget section */

/* Begin PBXProject section */
		AC5C9285295FA23300EC1F89 /* Project object */ = {
			isa = PBXProject;
			attributes = {
				BuildIndependentTargetsInParallel = 1;
				LastSwiftUpdateCheck = 1420;
				LastUpgradeCheck = 1420;
				TargetAttributes = {
					AC5C928C295FA23300EC1F89 = {
						CreatedOnToolsVersion = 14.2;
					};
				};
			};
			buildConfigurationList = AC5C9288295FA23300EC1F89 /* Build configuration list for PBXProject "AppleSwiftUI" */;
			compatibilityVersion = "Xcode 14.0";
			developmentRegion = en;
			hasScannedForEncodings = 0;
			knownRegions = (
				en,
				Base,
			);
			mainGroup = AC5C9284295FA23300EC1F89;
			productRefGroup = AC5C928E295FA23300EC1F89 /* Products */;
			projectDirPath = "";
			projectRoot = "";
			targets = (
				AC5C928C295FA23300EC1F89 /* AppleSwiftUI */,
			);
		};
/* End PBXProject section */

/* Begin PBXResourcesBuildPhase section */
		AC5C928B295FA23300EC1F89 /* Resources */ = {
			isa = PBXResourcesBuildPhase;
			buildActionMask = 2147483647;
			files = (
				AC5C9298295FA23400EC1F89 /* Preview Assets.xcassets in Resources */,
				AC5C9295295FA23400EC1F89 /* Assets.xcassets in Resources */,
				AC4B3C30295FC0B600A4D65E /* landmarkData.json in Resources */,
			);
			runOnlyForDeploymentPostprocessing = 0;
		};
/* End PBXResourcesBuildPhase section */

/* Begin PBXSourcesBuildPhase section */
		AC5C9289295FA23300EC1F89 /* Sources */ = {
			isa = PBXSourcesBuildPhase;
			buildActionMask = 2147483647;
			files = (
				AC5C9293295FA23300EC1F89 /* ContentView.swift in Sources */,
				AC4B3C28295FB42100A4D65E /* MapView.swift in Sources */,
				AC5C9291295FA23300EC1F89 /* AppleSwiftUIApp.swift in Sources */,
				ACBB88E229620C6C00770CCD /* LandmarkList.swift in Sources */,
				ACBB88E429620D6600770CCD /* LandmarkDetail.swift in Sources */,
				AC4B3C2A295FBF9F00A4D65E /* Landmark.swift in Sources */,
				AC4B3C34295FC17000A4D65E /* CircleImage.swift in Sources */,
				ACEB71612961CD1600FEBED4 /* LandmarkRow.swift in Sources */,
				ACEB715E2961C93C00FEBED4 /* ModelData.swift in Sources */,
			);
			runOnlyForDeploymentPostprocessing = 0;
		};
/* End PBXSourcesBuildPhase section */

/* Begin XCBuildConfiguration section */
		AC5C9299295FA23400EC1F89 /* Debug */ = {
			isa = XCBuildConfiguration;
			buildSettings = {
				ALWAYS_SEARCH_USER_PATHS = NO;
				CLANG_ANALYZER_NONNULL = YES;
				CLANG_ANALYZER_NUMBER_OBJECT_CONVERSION = YES_AGGRESSIVE;
				CLANG_CXX_LANGUAGE_STANDARD = "gnu++20";
				CLANG_ENABLE_MODULES = YES;
				CLANG_ENABLE_OBJC_ARC = YES;
				CLANG_ENABLE_OBJC_WEAK = YES;
				CLANG_WARN_BLOCK_CAPTURE_AUTORELEASING = YES;
				CLANG_WARN_BOOL_CONVERSION = YES;
				CLANG_WARN_COMMA = YES;
				CLANG_WARN_CONSTANT_CONVERSION = YES;
				CLANG_WARN_DEPRECATED_OBJC_IMPLEMENTATIONS = YES;
				CLANG_WARN_DIRECT_OBJC_ISA_USAGE = YES_ERROR;
				CLANG_WARN_DOCUMENTATION_COMMENTS = YES;
				CLANG_WARN_EMPTY_BODY = YES;
				CLANG_WARN_ENUM_CONVERSION = YES;
				CLANG_WARN_INFINITE_RECURSION = YES;
				CLANG_WARN_INT_CONVERSION = YES;
				CLANG_WARN_NON_LITERAL_NULL_CONVERSION = YES;
				CLANG_WARN_OBJC_IMPLICIT_RETAIN_SELF = YES;
				CLANG_WARN_OBJC_LITERAL_CONVERSION = YES;
				CLANG_WARN_OBJC_ROOT_CLASS = YES_ERROR;
				CLANG_WARN_QUOTED_INCLUDE_IN_FRAMEWORK_HEADER = YES;
				CLANG_WARN_RANGE_LOOP_ANALYSIS = YES;
				CLANG_WARN_STRICT_PROTOTYPES = YES;
				CLANG_WARN_SUSPICIOUS_MOVE = YES;
				CLANG_WARN_UNGUARDED_AVAILABILITY = YES_AGGRESSIVE;
				CLANG_WARN_UNREACHABLE_CODE = YES;
				CLANG_WARN__DUPLICATE_METHOD_MATCH = YES;
				COPY_PHASE_STRIP = NO;
				DEBUG_INFORMATION_FORMAT = dwarf;
				ENABLE_STRICT_OBJC_MSGSEND = YES;
				ENABLE_TESTABILITY = YES;
				GCC_C_LANGUAGE_STANDARD = gnu11;
				GCC_DYNAMIC_NO_PIC = NO;
				GCC_NO_COMMON_BLOCKS = YES;
				GCC_OPTIMIZATION_LEVEL = 0;
				GCC_PREPROCESSOR_DEFINITIONS = (
					"DEBUG=1",
					"$(inherited)",
				);
				GCC_WARN_64_TO_32_BIT_CONVERSION = YES;
				GCC_WARN_ABOUT_RETURN_TYPE = YES_ERROR;
				GCC_WARN_UNDECLARED_SELECTOR = YES;
				GCC_WARN_UNINITIALIZED_AUTOS = YES_AGGRESSIVE;
				GCC_WARN_UNUSED_FUNCTION = YES;
				GCC_WARN_UNUSED_VARIABLE = YES;
				IPHONEOS_DEPLOYMENT_TARGET = 16.2;
				MTL_ENABLE_DEBUG_INFO = INCLUDE_SOURCE;
				MTL_FAST_MATH = YES;
				ONLY_ACTIVE_ARCH = YES;
				SDKROOT = iphoneos;
				SWIFT_ACTIVE_COMPILATION_CONDITIONS = DEBUG;
				SWIFT_OPTIMIZATION_LEVEL = "-Onone";
			};
			name = Debug;
		};
		AC5C929A295FA23400EC1F89 /* Release */ = {
			isa = XCBuildConfiguration;
			buildSettings = {
				ALWAYS_SEARCH_USER_PATHS = NO;
				CLANG_ANALYZER_NONNULL = YES;
				CLANG_ANALYZER_NUMBER_OBJECT_CONVERSION = YES_AGGRESSIVE;
				CLANG_CXX_LANGUAGE_STANDARD = "gnu++20";
				CLANG_ENABLE_MODULES = YES;
				CLANG_ENABLE_OBJC_ARC = YES;
				CLANG_ENABLE_OBJC_WEAK = YES;
				CLANG_WARN_BLOCK_CAPTURE_AUTORELEASING = YES;
				CLANG_WARN_BOOL_CONVERSION = YES;
				CLANG_WARN_COMMA = YES;
				CLANG_WARN_CONSTANT_CONVERSION = YES;
				CLANG_WARN_DEPRECATED_OBJC_IMPLEMENTATIONS = YES;
				CLANG_WARN_DIRECT_OBJC_ISA_USAGE = YES_ERROR;
				CLANG_WARN_DOCUMENTATION_COMMENTS = YES;
				CLANG_WARN_EMPTY_BODY = YES;
				CLANG_WARN_ENUM_CONVERSION = YES;
				CLANG_WARN_INFINITE_RECURSION = YES;
				CLANG_WARN_INT_CONVERSION = YES;
				CLANG_WARN_NON_LITERAL_NULL_CONVERSION = YES;
				CLANG_WARN_OBJC_IMPLICIT_RETAIN_SELF = YES;
				CLANG_WARN_OBJC_LITERAL_CONVERSION = YES;
				CLANG_WARN_OBJC_ROOT_CLASS = YES_ERROR;
				CLANG_WARN_QUOTED_INCLUDE_IN_FRAMEWORK_HEADER = YES;
				CLANG_WARN_RANGE_LOOP_ANALYSIS = YES;
				CLANG_WARN_STRICT_PROTOTYPES = YES;
				CLANG_WARN_SUSPICIOUS_MOVE = YES;
				CLANG_WARN_UNGUARDED_AVAILABILITY = YES_AGGRESSIVE;
				CLANG_WARN_UNREACHABLE_CODE = YES;
				CLANG_WARN__DUPLICATE_METHOD_MATCH = YES;
				COPY_PHASE_STRIP = NO;
				DEBUG_INFORMATION_FORMAT = "dwarf-with-dsym";
				ENABLE_NS_ASSERTIONS = NO;
				ENABLE_STRICT_OBJC_MSGSEND = YES;
				GCC_C_LANGUAGE_STANDARD = gnu11;
				GCC_NO_COMMON_BLOCKS = YES;
				GCC_WARN_64_TO_32_BIT_CONVERSION = YES;
				GCC_WARN_ABOUT_RETURN_TYPE = YES_ERROR;
				GCC_WARN_UNDECLARED_SELECTOR = YES;
				GCC_WARN_UNINITIALIZED_AUTOS = YES_AGGRESSIVE;
				GCC_WARN_UNUSED_FUNCTION = YES;
				GCC_WARN_UNUSED_VARIABLE = YES;
				IPHONEOS_DEPLOYMENT_TARGET = 16.2;
				MTL_ENABLE_DEBUG_INFO = NO;
				MTL_FAST_MATH = YES;
				SDKROOT = iphoneos;
				SWIFT_COMPILATION_MODE = wholemodule;
				SWIFT_OPTIMIZATION_LEVEL = "-O";
				VALIDATE_PRODUCT = YES;
			};
			name = Release;
		};
		AC5C929C295FA23400EC1F89 /* Debug */ = {
			isa = XCBuildConfiguration;
			buildSettings = {
				ASSETCATALOG_COMPILER_APPICON_NAME = AppIcon;
				ASSETCATALOG_COMPILER_GLOBAL_ACCENT_COLOR_NAME = AccentColor;
				CODE_SIGN_STYLE = Automatic;
				CURRENT_PROJECT_VERSION = 1;
				DEVELOPMENT_ASSET_PATHS = "\"AppleSwiftUI/Preview Content\"";
				DEVELOPMENT_TEAM = KY9KTSK9G3;
				ENABLE_PREVIEWS = YES;
				GENERATE_INFOPLIST_FILE = YES;
				INFOPLIST_KEY_UIApplicationSceneManifest_Generation = YES;
				INFOPLIST_KEY_UIApplicationSupportsIndirectInputEvents = YES;
				INFOPLIST_KEY_UILaunchScreen_Generation = YES;
				INFOPLIST_KEY_UISupportedInterfaceOrientations_iPad = "UIInterfaceOrientationPortrait UIInterfaceOrientationPortraitUpsideDown UIInterfaceOrientationLandscapeLeft UIInterfaceOrientationLandscapeRight";
				INFOPLIST_KEY_UISupportedInterfaceOrientations_iPhone = "UIInterfaceOrientationPortrait UIInterfaceOrientationLandscapeLeft UIInterfaceOrientationLandscapeRight";
				LD_RUNPATH_SEARCH_PATHS = (
					"$(inherited)",
					"@executable_path/Frameworks",
				);
				MARKETING_VERSION = 1.0;
				PRODUCT_BUNDLE_IDENTIFIER = com.robaert.alexandre.AppleSwiftUI;
				PRODUCT_NAME = "$(TARGET_NAME)";
				SWIFT_EMIT_LOC_STRINGS = YES;
				SWIFT_VERSION = 5.0;
				TARGETED_DEVICE_FAMILY = "1,2";
			};
			name = Debug;
		};
		AC5C929D295FA23400EC1F89 /* Release */ = {
			isa = XCBuildConfiguration;
			buildSettings = {
				ASSETCATALOG_COMPILER_APPICON_NAME = AppIcon;
				ASSETCATALOG_COMPILER_GLOBAL_ACCENT_COLOR_NAME = AccentColor;
				CODE_SIGN_STYLE = Automatic;
				CURRENT_PROJECT_VERSION = 1;
				DEVELOPMENT_ASSET_PATHS = "\"AppleSwiftUI/Preview Content\"";
				DEVELOPMENT_TEAM = KY9KTSK9G3;
				ENABLE_PREVIEWS = YES;
				GENERATE_INFOPLIST_FILE = YES;
				INFOPLIST_KEY_UIApplicationSceneManifest_Generation = YES;
				INFOPLIST_KEY_UIApplicationSupportsIndirectInputEvents = YES;
				INFOPLIST_KEY_UILaunchScreen_Generation = YES;
				INFOPLIST_KEY_UISupportedInterfaceOrientations_iPad = "UIInterfaceOrientationPortrait UIInterfaceOrientationPortraitUpsideDown UIInterfaceOrientationLandscapeLeft UIInterfaceOrientationLandscapeRight";
				INFOPLIST_KEY_UISupportedInterfaceOrientations_iPhone = "UIInterfaceOrientationPortrait UIInterfaceOrientationLandscapeLeft UIInterfaceOrientationLandscapeRight";
				LD_RUNPATH_SEARCH_PATHS = (
					"$(inherited)",
					"@executable_path/Frameworks",
				);
				MARKETING_VERSION = 1.0;
				PRODUCT_BUNDLE_IDENTIFIER = com.robaert.alexandre.AppleSwiftUI;
				PRODUCT_NAME = "$(TARGET_NAME)";
				SWIFT_EMIT_LOC_STRINGS = YES;
				SWIFT_VERSION = 5.0;
				TARGETED_DEVICE_FAMILY = "1,2";
			};
			name = Release;
		};
/* End XCBuildConfiguration section */

/* Begin XCConfigurationList section */
		AC5C9288295FA23300EC1F89 /* Build configuration list for PBXProject "AppleSwiftUI" */ = {
			isa = XCConfigurationList;
			buildConfigurations = (
				AC5C9299295FA23400EC1F89 /* Debug */,
				AC5C929A295FA23400EC1F89 /* Release */,
			);
			defaultConfigurationIsVisible = 0;
			defaultConfigurationName = Release;
		};
		AC5C929B295FA23400EC1F89 /* Build configuration list for PBXNativeTarget "AppleSwiftUI" */ = {
			isa = XCConfigurationList;
			buildConfigurations = (
				AC5C929C295FA23400EC1F89 /* Debug */,
				AC5C929D295FA23400EC1F89 /* Release */,
			);
			defaultConfigurationIsVisible = 0;
			defaultConfigurationName = Release;
		};
/* End XCConfigurationList section */
	};
	rootObject = AC5C9285295FA23300EC1F89 /* Project object */;
}
